
Microsoft Visual Studio Solution File, Format Version 12.00
# Visual Studio Version 17
VisualStudioVersion = 17.5.002.0
MinimumVisualStudioVersion = 10.0.40219.1
Project("{9A19103F-16F7-4668-BE54-9A1E7A4F7556}") = "Snake_by_JtH", "Snake_by_JtH\Snake_by_JtH.csproj", "{756D21B3-EF43-4D7A-A7B5-8C858808CB10}"
EndProject
Global
	GlobalSection(SolutionConfigurationPlatforms) = preSolution
		Debug|Any CPU = Debug|Any CPU
		Release|Any CPU = Release|Any CPU
	EndGlobalSection
	GlobalSection(ProjectConfigurationPlatforms) = postSolution
		{756D21B3-EF43-4D7A-A7B5-8C858808CB10}.Debug|Any CPU.ActiveCfg = Debug|Any CPU
		{756D21B3-EF43-4D7A-A7B5-8C858808CB10}.Debug|Any CPU.Build.0 = Debug|Any CPU
		{756D21B3-EF43-4D7A-A7B5-8C858808CB10}.Release|Any CPU.ActiveCfg = Release|Any CPU
		{756D21B3-EF43-4D7A-A7B5-8C858808CB10}.Release|Any CPU.Build.0 = Release|Any CPU
	EndGlobalSection
	GlobalSection(SolutionProperties) = preSolution
		HideSolutionNode = FALSE
	EndGlobalSection
	GlobalSection(ExtensibilityGlobals) = postSolution
		SolutionGuid = {99228ACE-02BC-4481-8BE4-0B497FF2B273}
	EndGlobalSection
EndGlobal
